
Microsoft Visual Studio Solution File, Format Version 12.00
# Visual Studio Version 17
VisualStudioVersion = 17.13.35919.96 d17.13
MinimumVisualStudioVersion = 10.0.40219.1
Project("{FAE04EC0-301F-11D3-BF4B-00C04F79EFBC}") = "BIVT-2024-Lab-8", "BIVT-2024-Lab-8.csproj", "{D5A5EBDC-1BB4-4606-8B69-550D8F8CF305}"
EndProject
Global
	GlobalSection(SolutionConfigurationPlatforms) = preSolution
		Debug|Any CPU = Debug|Any CPU
		Release|Any CPU = Release|Any CPU
	EndGlobalSection
	GlobalSection(ProjectConfigurationPlatforms) = postSolution
		{D5A5EBDC-1BB4-4606-8B69-550D8F8CF305}.Debug|Any CPU.ActiveCfg = Debug|Any CPU
		{D5A5EBDC-1BB4-4606-8B69-550D8F8CF305}.Debug|Any CPU.Build.0 = Debug|Any CPU
		{D5A5EBDC-1BB4-4606-8B69-550D8F8CF305}.Release|Any CPU.ActiveCfg = Release|Any CPU
		{D5A5EBDC-1BB4-4606-8B69-550D8F8CF305}.Release|Any CPU.Build.0 = Release|Any CPU
	EndGlobalSection
	GlobalSection(SolutionProperties) = preSolution
		HideSolutionNode = FALSE
	EndGlobalSection
	GlobalSection(ExtensibilityGlobals) = postSolution
		SolutionGuid = {F92C82A8-B884-4642-B92C-60B072611895}
	EndGlobalSection
EndGlobal
